// !$*UTF8*$!
{
	archiveVersion = 1;
	classes = {
	};
	objectVersion = 55;
	objects = {

/* Begin PBXBuildFile section */
		5D7DF38F2BAAC99D004B562B /* AppDelegate.swift in Sources */ = {isa = PBXBuildFile; fileRef = 5D7DF38E2BAAC99D004B562B /* AppDelegate.swift */; };
		5D7DF3912BAAC99D004B562B /* SceneDelegate.swift in Sources */ = {isa = PBXBuildFile; fileRef = 5D7DF3902BAAC99D004B562B /* SceneDelegate.swift */; };
		5D7DF3992BAAC99D004B562B /* To_do_list.xcdatamodeld in Sources */ = {isa = PBXBuildFile; fileRef = 5D7DF3972BAAC99D004B562B /* To_do_list.xcdatamodeld */; };
		5D7DF39B2BAAC99F004B562B /* Assets.xcassets in Resources */ = {isa = PBXBuildFile; fileRef = 5D7DF39A2BAAC99F004B562B /* Assets.xcassets */; };
		5D7DF39E2BAAC99F004B562B /* LaunchScreen.storyboard in Resources */ = {isa = PBXBuildFile; fileRef = 5D7DF39C2BAAC99F004B562B /* LaunchScreen.storyboard */; };
		5D7DF3A72BAAC9D8004B562B /* ToDoModel.swift in Sources */ = {isa = PBXBuildFile; fileRef = 5D7DF3A62BAAC9D8004B562B /* ToDoModel.swift */; };
		5D7DF3AA2BAACA0E004B562B /* TableViewController.swift in Sources */ = {isa = PBXBuildFile; fileRef = 5D7DF3A92BAACA0E004B562B /* TableViewController.swift */; };
/* End PBXBuildFile section */

/* Begin PBXFileReference section */
		5D7DF38B2BAAC99D004B562B /* To-do list.app */ = {isa = PBXFileReference; explicitFileType = wrapper.application; includeInIndex = 0; path = "To-do list.app"; sourceTree = BUILT_PRODUCTS_DIR; };
		5D7DF38E2BAAC99D004B562B /* AppDelegate.swift */ = {isa = PBXFileReference; lastKnownFileType = sourcecode.swift; path = AppDelegate.swift; sourceTree = "<group>"; };
		5D7DF3902BAAC99D004B562B /* SceneDelegate.swift */ = {isa = PBXFileReference; lastKnownFileType = sourcecode.swift; path = SceneDelegate.swift; sourceTree = "<group>"; };
		5D7DF3982BAAC99D004B562B /* To_do_list.xcdatamodel */ = {isa = PBXFileReference; lastKnownFileType = wrapper.xcdatamodel; path = To_do_list.xcdatamodel; sourceTree = "<group>"; };
		5D7DF39A2BAAC99F004B562B /* Assets.xcassets */ = {isa = PBXFileReference; lastKnownFileType = folder.assetcatalog; path = Assets.xcassets; sourceTree = "<group>"; };
		5D7DF39D2BAAC99F004B562B /* Base */ = {isa = PBXFileReference; lastKnownFileType = file.storyboard; name = Base; path = Base.lproj/LaunchScreen.storyboard; sourceTree = "<group>"; };
		5D7DF39F2BAAC99F004B562B /* Info.plist */ = {isa = PBXFileReference; lastKnownFileType = text.plist.xml; path = Info.plist; sourceTree = "<group>"; };
		5D7DF3A62BAAC9D8004B562B /* ToDoModel.swift */ = {isa = PBXFileReference; lastKnownFileType = sourcecode.swift; path = ToDoModel.swift; sourceTree = "<group>"; };
		5D7DF3A92BAACA0E004B562B /* TableViewController.swift */ = {isa = PBXFileReference; lastKnownFileType = sourcecode.swift; path = TableViewController.swift; sourceTree = "<group>"; };
/* End PBXFileReference section */

/* Begin PBXFrameworksBuildPhase section */
		5D7DF3882BAAC99D004B562B /* Frameworks */ = {
			isa = PBXFrameworksBuildPhase;
			buildActionMask = 2147483647;
			files = (
			);
			runOnlyForDeploymentPostprocessing = 0;
		};
/* End PBXFrameworksBuildPhase section */

/* Begin PBXGroup section */
		5D7DF3822BAAC99D004B562B = {
			isa = PBXGroup;
			children = (
				5D7DF38D2BAAC99D004B562B /* To-do list */,
				5D7DF38C2BAAC99D004B562B /* Products */,
			);
			sourceTree = "<group>";
		};
		5D7DF38C2BAAC99D004B562B /* Products */ = {
			isa = PBXGroup;
			children = (
				5D7DF38B2BAAC99D004B562B /* To-do list.app */,
			);
			name = Products;
			sourceTree = "<group>";
		};
		5D7DF38D2BAAC99D004B562B /* To-do list */ = {
			isa = PBXGroup;
			children = (
				5D7DF3A82BAAC9F6004B562B /* View */,
				5D7DF3BC2BAAECA9004B562B /* API */,
				5D7DF3BB2BAAEC64004B562B /* Resources */,
				5D7DF3BA2BAAEC49004B562B /* Application */,
			);
			path = "To-do list";
			sourceTree = "<group>";
		};
		5D7DF3A52BAAC9C4004B562B /* model */ = {
			isa = PBXGroup;
			children = (
				5D7DF3A62BAAC9D8004B562B /* ToDoModel.swift */,
			);
			path = model;
			sourceTree = "<group>";
		};
		5D7DF3A82BAAC9F6004B562B /* View */ = {
			isa = PBXGroup;
			children = (
				5D7DF3A92BAACA0E004B562B /* TableViewController.swift */,
			);
			path = View;
			sourceTree = "<group>";
		};
		5D7DF3BA2BAAEC49004B562B /* Application */ = {
			isa = PBXGroup;
			children = (
				5D7DF38E2BAAC99D004B562B /* AppDelegate.swift */,
				5D7DF3902BAAC99D004B562B /* SceneDelegate.swift */,
			);
			path = Application;
			sourceTree = "<group>";
		};
		5D7DF3BB2BAAEC64004B562B /* Resources */ = {
			isa = PBXGroup;
			children = (
				5D7DF39C2BAAC99F004B562B /* LaunchScreen.storyboard */,
				5D7DF3972BAAC99D004B562B /* To_do_list.xcdatamodeld */,
				5D7DF39F2BAAC99F004B562B /* Info.plist */,
				5D7DF39A2BAAC99F004B562B /* Assets.xcassets */,
			);
			path = Resources;
			sourceTree = "<group>";
		};
		5D7DF3BC2BAAECA9004B562B /* API */ = {
			isa = PBXGroup;
			children = (
				5D7DF3A52BAAC9C4004B562B /* model */,
			);
			path = API;
			sourceTree = "<group>";
		};
/* End PBXGroup section */

/* Begin PBXNativeTarget section */
		5D7DF38A2BAAC99D004B562B /* To-do list */ = {
			isa = PBXNativeTarget;
			buildConfigurationList = 5D7DF3A22BAAC99F004B562B /* Build configuration list for PBXNativeTarget "To-do list" */;
			buildPhases = (
				5D7DF3872BAAC99D004B562B /* Sources */,
				5D7DF3882BAAC99D004B562B /* Frameworks */,
				5D7DF3892BAAC99D004B562B /* Resources */,
			);
			buildRules = (
			);
			dependencies = (
			);
			name = "To-do list";
			productName = "To-do list";
			productReference = 5D7DF38B2BAAC99D004B562B /* To-do list.app */;
			productType = "com.apple.product-type.application";
		};
/* End PBXNativeTarget section */

/* Begin PBXProject section */
		5D7DF3832BAAC99D004B562B /* Project object */ = {
			isa = PBXProject;
			attributes = {
				BuildIndependentTargetsInParallel = 1;
				LastSwiftUpdateCheck = 1330;
				LastUpgradeCheck = 1330;
				TargetAttributes = {
					5D7DF38A2BAAC99D004B562B = {
						CreatedOnToolsVersion = 13.3;
					};
				};
			};
			buildConfigurationList = 5D7DF3862BAAC99D004B562B /* Build configuration list for PBXProject "To-do list" */;
			compatibilityVersion = "Xcode 13.0";
			developmentRegion = en;
			hasScannedForEncodings = 0;
			knownRegions = (
				en,
				Base,
			);
			mainGroup = 5D7DF3822BAAC99D004B562B;
			productRefGroup = 5D7DF38C2BAAC99D004B562B /* Products */;
			projectDirPath = "";
			projectRoot = "";
			targets = (
				5D7DF38A2BAAC99D004B562B /* To-do list */,
			);
		};
/* End PBXProject section */

/* Begin PBXResourcesBuildPhase section */
		5D7DF3892BAAC99D004B562B /* Resources */ = {
			isa = PBXResourcesBuildPhase;
			buildActionMask = 2147483647;
			files = (
				5D7DF39E2BAAC99F004B562B /* LaunchScreen.storyboard in Resources */,
				5D7DF39B2BAAC99F004B562B /* Assets.xcassets in Resources */,
			);
			runOnlyForDeploymentPostprocessing = 0;
		};
/* End PBXResourcesBuildPhase section */

/* Begin PBXSourcesBuildPhase section */
		5D7DF3872BAAC99D004B562B /* Sources */ = {
			isa = PBXSourcesBuildPhase;
			buildActionMask = 2147483647;
			files = (
				5D7DF38F2BAAC99D004B562B /* AppDelegate.swift in Sources */,
				5D7DF3A72BAAC9D8004B562B /* ToDoModel.swift in Sources */,
				5D7DF3912BAAC99D004B562B /* SceneDelegate.swift in Sources */,
				5D7DF3AA2BAACA0E004B562B /* TableViewController.swift in Sources */,
				5D7DF3992BAAC99D004B562B /* To_do_list.xcdatamodeld in Sources */,
			);
			runOnlyForDeploymentPostprocessing = 0;
		};
/* End PBXSourcesBuildPhase section */

/* Begin PBXVariantGroup section */
		5D7DF39C2BAAC99F004B562B /* LaunchScreen.storyboard */ = {
			isa = PBXVariantGroup;
			children = (
				5D7DF39D2BAAC99F004B562B /* Base */,
			);
			name = LaunchScreen.storyboard;
			sourceTree = "<group>";
		};
/* End PBXVariantGroup section */

/* Begin XCBuildConfiguration section */
		5D7DF3A02BAAC99F004B562B /* Debug */ = {
			isa = XCBuildConfiguration;
			buildSettings = {
				ALWAYS_SEARCH_USER_PATHS = NO;
				CLANG_ANALYZER_NONNULL = YES;
				CLANG_ANALYZER_NUMBER_OBJECT_CONVERSION = YES_AGGRESSIVE;
				CLANG_CXX_LANGUAGE_STANDARD = "gnu++17";
				CLANG_ENABLE_MODULES = YES;
				CLANG_ENABLE_OBJC_ARC = YES;
				CLANG_ENABLE_OBJC_WEAK = YES;
				CLANG_WARN_BLOCK_CAPTURE_AUTORELEASING = YES;
				CLANG_WARN_BOOL_CONVERSION = YES;
				CLANG_WARN_COMMA = YES;
				CLANG_WARN_CONSTANT_CONVERSION = YES;
				CLANG_WARN_DEPRECATED_OBJC_IMPLEMENTATIONS = YES;
				CLANG_WARN_DIRECT_OBJC_ISA_USAGE = YES_ERROR;
				CLANG_WARN_DOCUMENTATION_COMMENTS = YES;
				CLANG_WARN_EMPTY_BODY = YES;
				CLANG_WARN_ENUM_CONVERSION = YES;
				CLANG_WARN_INFINITE_RECURSION = YES;
				CLANG_WARN_INT_CONVERSION = YES;
				CLANG_WARN_NON_LITERAL_NULL_CONVERSION = YES;
				CLANG_WARN_OBJC_IMPLICIT_RETAIN_SELF = YES;
				CLANG_WARN_OBJC_LITERAL_CONVERSION = YES;
				CLANG_WARN_OBJC_ROOT_CLASS = YES_ERROR;
				CLANG_WARN_QUOTED_INCLUDE_IN_FRAMEWORK_HEADER = YES;
				CLANG_WARN_RANGE_LOOP_ANALYSIS = YES;
				CLANG_WARN_STRICT_PROTOTYPES = YES;
				CLANG_WARN_SUSPICIOUS_MOVE = YES;
				CLANG_WARN_UNGUARDED_AVAILABILITY = YES_AGGRESSIVE;
				CLANG_WARN_UNREACHABLE_CODE = YES;
				CLANG_WARN__DUPLICATE_METHOD_MATCH = YES;
				COPY_PHASE_STRIP = NO;
				DEBUG_INFORMATION_FORMAT = dwarf;
				ENABLE_STRICT_OBJC_MSGSEND = YES;
				ENABLE_TESTABILITY = YES;
				GCC_C_LANGUAGE_STANDARD = gnu11;
				GCC_DYNAMIC_NO_PIC = NO;
				GCC_NO_COMMON_BLOCKS = YES;
				GCC_OPTIMIZATION_LEVEL = 0;
				GCC_PREPROCESSOR_DEFINITIONS = (
					"DEBUG=1",
					"$(inherited)",
				);
				GCC_WARN_64_TO_32_BIT_CONVERSION = YES;
				GCC_WARN_ABOUT_RETURN_TYPE = YES_ERROR;
				GCC_WARN_UNDECLARED_SELECTOR = YES;
				GCC_WARN_UNINITIALIZED_AUTOS = YES_AGGRESSIVE;
				GCC_WARN_UNUSED_FUNCTION = YES;
				GCC_WARN_UNUSED_VARIABLE = YES;
				IPHONEOS_DEPLOYMENT_TARGET = 15.4;
				MTL_ENABLE_DEBUG_INFO = INCLUDE_SOURCE;
				MTL_FAST_MATH = YES;
				ONLY_ACTIVE_ARCH = YES;
				SDKROOT = iphoneos;
				SWIFT_ACTIVE_COMPILATION_CONDITIONS = DEBUG;
				SWIFT_OPTIMIZATION_LEVEL = "-Onone";
			};
			name = Debug;
		};
		5D7DF3A12BAAC99F004B562B /* Release */ = {
			isa = XCBuildConfiguration;
			buildSettings = {
				ALWAYS_SEARCH_USER_PATHS = NO;
				CLANG_ANALYZER_NONNULL = YES;
				CLANG_ANALYZER_NUMBER_OBJECT_CONVERSION = YES_AGGRESSIVE;
				CLANG_CXX_LANGUAGE_STANDARD = "gnu++17";
				CLANG_ENABLE_MODULES = YES;
				CLANG_ENABLE_OBJC_ARC = YES;
				CLANG_ENABLE_OBJC_WEAK = YES;
				CLANG_WARN_BLOCK_CAPTURE_AUTORELEASING = YES;
				CLANG_WARN_BOOL_CONVERSION = YES;
				CLANG_WARN_COMMA = YES;
				CLANG_WARN_CONSTANT_CONVERSION = YES;
				CLANG_WARN_DEPRECATED_OBJC_IMPLEMENTATIONS = YES;
				CLANG_WARN_DIRECT_OBJC_ISA_USAGE = YES_ERROR;
				CLANG_WARN_DOCUMENTATION_COMMENTS = YES;
				CLANG_WARN_EMPTY_BODY = YES;
				CLANG_WARN_ENUM_CONVERSION = YES;
				CLANG_WARN_INFINITE_RECURSION = YES;
				CLANG_WARN_INT_CONVERSION = YES;
				CLANG_WARN_NON_LITERAL_NULL_CONVERSION = YES;
				CLANG_WARN_OBJC_IMPLICIT_RETAIN_SELF = YES;
				CLANG_WARN_OBJC_LITERAL_CONVERSION = YES;
				CLANG_WARN_OBJC_ROOT_CLASS = YES_ERROR;
				CLANG_WARN_QUOTED_INCLUDE_IN_FRAMEWORK_HEADER = YES;
				CLANG_WARN_RANGE_LOOP_ANALYSIS = YES;
				CLANG_WARN_STRICT_PROTOTYPES = YES;
				CLANG_WARN_SUSPICIOUS_MOVE = YES;
				CLANG_WARN_UNGUARDED_AVAILABILITY = YES_AGGRESSIVE;
				CLANG_WARN_UNREACHABLE_CODE = YES;
				CLANG_WARN__DUPLICATE_METHOD_MATCH = YES;
				COPY_PHASE_STRIP = NO;
				DEBUG_INFORMATION_FORMAT = "dwarf-with-dsym";
				ENABLE_NS_ASSERTIONS = NO;
				ENABLE_STRICT_OBJC_MSGSEND = YES;
				GCC_C_LANGUAGE_STANDARD = gnu11;
				GCC_NO_COMMON_BLOCKS = YES;
				GCC_WARN_64_TO_32_BIT_CONVERSION = YES;
				GCC_WARN_ABOUT_RETURN_TYPE = YES_ERROR;
				GCC_WARN_UNDECLARED_SELECTOR = YES;
				GCC_WARN_UNINITIALIZED_AUTOS = YES_AGGRESSIVE;
				GCC_WARN_UNUSED_FUNCTION = YES;
				GCC_WARN_UNUSED_VARIABLE = YES;
				IPHONEOS_DEPLOYMENT_TARGET = 15.4;
				MTL_ENABLE_DEBUG_INFO = NO;
				MTL_FAST_MATH = YES;
				SDKROOT = iphoneos;
				SWIFT_COMPILATION_MODE = wholemodule;
				SWIFT_OPTIMIZATION_LEVEL = "-O";
				VALIDATE_PRODUCT = YES;
			};
			name = Release;
		};
		5D7DF3A32BAAC99F004B562B /* Debug */ = {
			isa = XCBuildConfiguration;
			buildSettings = {
				ASSETCATALOG_COMPILER_APPICON_NAME = AppIcon;
				ASSETCATALOG_COMPILER_GLOBAL_ACCENT_COLOR_NAME = AccentColor;
				CODE_SIGN_STYLE = Automatic;
				CURRENT_PROJECT_VERSION = 1;
				GENERATE_INFOPLIST_FILE = YES;
				INFOPLIST_FILE = "To-do list/Resources/Info.plist";
				INFOPLIST_KEY_UIApplicationSupportsIndirectInputEvents = YES;
				INFOPLIST_KEY_UILaunchStoryboardName = LaunchScreen;
				INFOPLIST_KEY_UISupportedInterfaceOrientations_iPad = "UIInterfaceOrientationPortrait UIInterfaceOrientationPortraitUpsideDown UIInterfaceOrientationLandscapeLeft UIInterfaceOrientationLandscapeRight";
				INFOPLIST_KEY_UISupportedInterfaceOrientations_iPhone = "UIInterfaceOrientationPortrait UIInterfaceOrientationLandscapeLeft UIInterfaceOrientationLandscapeRight";
				LD_RUNPATH_SEARCH_PATHS = (
					"$(inherited)",
					"@executable_path/Frameworks",
				);
				MARKETING_VERSION = 1.0;
				PRODUCT_BUNDLE_IDENTIFIER = "-.To-do-list";
				PRODUCT_NAME = "$(TARGET_NAME)";
				SWIFT_EMIT_LOC_STRINGS = YES;
				SWIFT_VERSION = 5.0;
				TARGETED_DEVICE_FAMILY = "1,2";
			};
			name = Debug;
		};
		5D7DF3A42BAAC99F004B562B /* Release */ = {
			isa = XCBuildConfiguration;
			buildSettings = {
				ASSETCATALOG_COMPILER_APPICON_NAME = AppIcon;
				ASSETCATALOG_COMPILER_GLOBAL_ACCENT_COLOR_NAME = AccentColor;
				CODE_SIGN_STYLE = Automatic;
				CURRENT_PROJECT_VERSION = 1;
				GENERATE_INFOPLIST_FILE = YES;
				INFOPLIST_FILE = "To-do list/Resources/Info.plist";
				INFOPLIST_KEY_UIApplicationSupportsIndirectInputEvents = YES;
				INFOPLIST_KEY_UILaunchStoryboardName = LaunchScreen;
				INFOPLIST_KEY_UISupportedInterfaceOrientations_iPad = "UIInterfaceOrientationPortrait UIInterfaceOrientationPortraitUpsideDown UIInterfaceOrientationLandscapeLeft UIInterfaceOrientationLandscapeRight";
				INFOPLIST_KEY_UISupportedInterfaceOrientations_iPhone = "UIInterfaceOrientationPortrait UIInterfaceOrientationLandscapeLeft UIInterfaceOrientationLandscapeRight";
				LD_RUNPATH_SEARCH_PATHS = (
					"$(inherited)",
					"@executable_path/Frameworks",
				);
				MARKETING_VERSION = 1.0;
				PRODUCT_BUNDLE_IDENTIFIER = "-.To-do-list";
				PRODUCT_NAME = "$(TARGET_NAME)";
				SWIFT_EMIT_LOC_STRINGS = YES;
				SWIFT_VERSION = 5.0;
				TARGETED_DEVICE_FAMILY = "1,2";
			};
			name = Release;
		};
/* End XCBuildConfiguration section */

/* Begin XCConfigurationList section */
		5D7DF3862BAAC99D004B562B /* Build configuration list for PBXProject "To-do list" */ = {
			isa = XCConfigurationList;
			buildConfigurations = (
				5D7DF3A02BAAC99F004B562B /* Debug */,
				5D7DF3A12BAAC99F004B562B /* Release */,
			);
			defaultConfigurationIsVisible = 0;
			defaultConfigurationName = Release;
		};
		5D7DF3A22BAAC99F004B562B /* Build configuration list for PBXNativeTarget "To-do list" */ = {
			isa = XCConfigurationList;
			buildConfigurations = (
				5D7DF3A32BAAC99F004B562B /* Debug */,
				5D7DF3A42BAAC99F004B562B /* Release */,
			);
			defaultConfigurationIsVisible = 0;
			defaultConfigurationName = Release;
		};
/* End XCConfigurationList section */

/* Begin XCVersionGroup section */
		5D7DF3972BAAC99D004B562B /* To_do_list.xcdatamodeld */ = {
			isa = XCVersionGroup;
			children = (
				5D7DF3982BAAC99D004B562B /* To_do_list.xcdatamodel */,
			);
			currentVersion = 5D7DF3982BAAC99D004B562B /* To_do_list.xcdatamodel */;
			path = To_do_list.xcdatamodeld;
			sourceTree = "<group>";
			versionGroupType = wrapper.xcdatamodel;
		};
/* End XCVersionGroup section */
	};
	rootObject = 5D7DF3832BAAC99D004B562B /* Project object */;
}
